
Microsoft Visual Studio Solution File, Format Version 12.00
# Visual Studio Version 17
VisualStudioVersion = 17.0.31903.59
MinimumVisualStudioVersion = 10.0.40219.1
Project("{2150E333-8FDC-42A3-9474-1A3956D46DE8}") = "Api", "Api", "{41AEAB3E-749E-47B6-AEC0-1A437D569AC3}"
EndProject
Project("{FAE04EC0-301F-11D3-BF4B-00C04F79EFBC}") = "UrlShortener.Api", "Api\src\UrlShortener.Api\UrlShortener.Api.csproj", "{FCF1D736-DAD2-43D4-AD73-72BDC54B2587}"
EndProject
Project("{2150E333-8FDC-42A3-9474-1A3956D46DE8}") = "src", "src", "{DE333928-29F7-47C8-A0E2-AC4D96E39E36}"
EndProject
Project("{2150E333-8FDC-42A3-9474-1A3956D46DE8}") = "test", "test", "{BE817FD1-1BB5-478C-96E2-AF2C3C023B79}"
EndProject
Project("{FAE04EC0-301F-11D3-BF4B-00C04F79EFBC}") = "UrlShortener.Api.Core.Tests", "Api\tests\UrlShortener.Api.Core.Tests\UrlShortener.Api.Core.Tests.csproj", "{F22D1A15-0810-40CC-8719-3D358F7133A9}"
EndProject
Project("{FAE04EC0-301F-11D3-BF4B-00C04F79EFBC}") = "UrlShortener.Core", "UrlShortener.Core\UrlShortener.Core.csproj", "{50A834A9-192D-44C5-B86B-2EEC36286305}"
EndProject
Global
	GlobalSection(SolutionConfigurationPlatforms) = preSolution
		Debug|Any CPU = Debug|Any CPU
		Release|Any CPU = Release|Any CPU
	EndGlobalSection
	GlobalSection(SolutionProperties) = preSolution
		HideSolutionNode = FALSE
	EndGlobalSection
	GlobalSection(ProjectConfigurationPlatforms) = postSolution
		{FCF1D736-DAD2-43D4-AD73-72BDC54B2587}.Debug|Any CPU.ActiveCfg = Debug|Any CPU
		{FCF1D736-DAD2-43D4-AD73-72BDC54B2587}.Debug|Any CPU.Build.0 = Debug|Any CPU
		{FCF1D736-DAD2-43D4-AD73-72BDC54B2587}.Release|Any CPU.ActiveCfg = Release|Any CPU
		{FCF1D736-DAD2-43D4-AD73-72BDC54B2587}.Release|Any CPU.Build.0 = Release|Any CPU
		{F22D1A15-0810-40CC-8719-3D358F7133A9}.Debug|Any CPU.ActiveCfg = Debug|Any CPU
		{F22D1A15-0810-40CC-8719-3D358F7133A9}.Debug|Any CPU.Build.0 = Debug|Any CPU
		{F22D1A15-0810-40CC-8719-3D358F7133A9}.Release|Any CPU.ActiveCfg = Release|Any CPU
		{F22D1A15-0810-40CC-8719-3D358F7133A9}.Release|Any CPU.Build.0 = Release|Any CPU
		{50A834A9-192D-44C5-B86B-2EEC36286305}.Debug|Any CPU.ActiveCfg = Debug|Any CPU
		{50A834A9-192D-44C5-B86B-2EEC36286305}.Debug|Any CPU.Build.0 = Debug|Any CPU
		{50A834A9-192D-44C5-B86B-2EEC36286305}.Release|Any CPU.ActiveCfg = Release|Any CPU
		{50A834A9-192D-44C5-B86B-2EEC36286305}.Release|Any CPU.Build.0 = Release|Any CPU
	EndGlobalSection
	GlobalSection(NestedProjects) = preSolution
		{DE333928-29F7-47C8-A0E2-AC4D96E39E36} = {41AEAB3E-749E-47B6-AEC0-1A437D569AC3}
		{FCF1D736-DAD2-43D4-AD73-72BDC54B2587} = {DE333928-29F7-47C8-A0E2-AC4D96E39E36}
		{BE817FD1-1BB5-478C-96E2-AF2C3C023B79} = {41AEAB3E-749E-47B6-AEC0-1A437D569AC3}
		{F22D1A15-0810-40CC-8719-3D358F7133A9} = {BE817FD1-1BB5-478C-96E2-AF2C3C023B79}
		{50A834A9-192D-44C5-B86B-2EEC36286305} = {DE333928-29F7-47C8-A0E2-AC4D96E39E36}
	EndGlobalSection
EndGlobal
